// !$*UTF8*$!
{
	archiveVersion = 1;
	classes = {
	};
	objectVersion = 46;
	objects = {

/* Begin PBXBuildFile section */
		D398CF3D1DFBD5AE00C059F1 /* main.m in Sources */ = {isa = PBXBuildFile; fileRef = D398CF3C1DFBD5AE00C059F1 /* main.m */; };
		D398CF401DFBD5AE00C059F1 /* AppDelegate.m in Sources */ = {isa = PBXBuildFile; fileRef = D398CF3F1DFBD5AE00C059F1 /* AppDelegate.m */; };
		D398CF481DFBD5AE00C059F1 /* Assets.xcassets in Resources */ = {isa = PBXBuildFile; fileRef = D398CF471DFBD5AE00C059F1 /* Assets.xcassets */; };
		D398CF4B1DFBD5AE00C059F1 /* LaunchScreen.storyboard in Resources */ = {isa = PBXBuildFile; fileRef = D398CF491DFBD5AE00C059F1 /* LaunchScreen.storyboard */; };
		D398CF541DFBE2DA00C059F1 /* LoginViewController.m in Sources */ = {isa = PBXBuildFile; fileRef = D398CF531DFBE2DA00C059F1 /* LoginViewController.m */; };
		D398CF571DFBE3FD00C059F1 /* ColorViewController.m in Sources */ = {isa = PBXBuildFile; fileRef = D398CF561DFBE3FD00C059F1 /* ColorViewController.m */; };
		D398CF5A1DFBE62700C059F1 /* PickerViewController.m in Sources */ = {isa = PBXBuildFile; fileRef = D398CF591DFBE62700C059F1 /* PickerViewController.m */; };
		D398CF5D1DFBE70C00C059F1 /* TableViewController.m in Sources */ = {isa = PBXBuildFile; fileRef = D398CF5C1DFBE70C00C059F1 /* TableViewController.m */; };
		D398CF601DFBE72A00C059F1 /* MyTableViewController.m in Sources */ = {isa = PBXBuildFile; fileRef = D398CF5F1DFBE72A00C059F1 /* MyTableViewController.m */; };
		D398CF621DFC1B7100C059F1 /* background.jpeg in Resources */ = {isa = PBXBuildFile; fileRef = D398CF611DFC1B7100C059F1 /* background.jpeg */; };
/* End PBXBuildFile section */

/* Begin PBXFileReference section */
		D398CF381DFBD5AE00C059F1 /* SDUIDemo.app */ = {isa = PBXFileReference; explicitFileType = wrapper.application; includeInIndex = 0; path = SDUIDemo.app; sourceTree = BUILT_PRODUCTS_DIR; };
		D398CF3C1DFBD5AE00C059F1 /* main.m */ = {isa = PBXFileReference; lastKnownFileType = sourcecode.c.objc; path = main.m; sourceTree = "<group>"; };
		D398CF3E1DFBD5AE00C059F1 /* AppDelegate.h */ = {isa = PBXFileReference; lastKnownFileType = sourcecode.c.h; path = AppDelegate.h; sourceTree = "<group>"; };
		D398CF3F1DFBD5AE00C059F1 /* AppDelegate.m */ = {isa = PBXFileReference; lastKnownFileType = sourcecode.c.objc; path = AppDelegate.m; sourceTree = "<group>"; };
		D398CF471DFBD5AE00C059F1 /* Assets.xcassets */ = {isa = PBXFileReference; lastKnownFileType = folder.assetcatalog; path = Assets.xcassets; sourceTree = "<group>"; };
		D398CF4A1DFBD5AE00C059F1 /* Base */ = {isa = PBXFileReference; lastKnownFileType = file.storyboard; name = Base; path = Base.lproj/LaunchScreen.storyboard; sourceTree = "<group>"; };
		D398CF4C1DFBD5AE00C059F1 /* Info.plist */ = {isa = PBXFileReference; lastKnownFileType = text.plist.xml; path = Info.plist; sourceTree = "<group>"; };
		D398CF521DFBE2DA00C059F1 /* LoginViewController.h */ = {isa = PBXFileReference; fileEncoding = 4; lastKnownFileType = sourcecode.c.h; path = LoginViewController.h; sourceTree = "<group>"; };
		D398CF531DFBE2DA00C059F1 /* LoginViewController.m */ = {isa = PBXFileReference; fileEncoding = 4; lastKnownFileType = sourcecode.c.objc; path = LoginViewController.m; sourceTree = "<group>"; };
		D398CF551DFBE3FD00C059F1 /* ColorViewController.h */ = {isa = PBXFileReference; fileEncoding = 4; lastKnownFileType = sourcecode.c.h; path = ColorViewController.h; sourceTree = "<group>"; };
		D398CF561DFBE3FD00C059F1 /* ColorViewController.m */ = {isa = PBXFileReference; fileEncoding = 4; lastKnownFileType = sourcecode.c.objc; path = ColorViewController.m; sourceTree = "<group>"; };
		D398CF581DFBE62700C059F1 /* PickerViewController.h */ = {isa = PBXFileReference; fileEncoding = 4; lastKnownFileType = sourcecode.c.h; path = PickerViewController.h; sourceTree = "<group>"; };
		D398CF591DFBE62700C059F1 /* PickerViewController.m */ = {isa = PBXFileReference; fileEncoding = 4; lastKnownFileType = sourcecode.c.objc; path = PickerViewController.m; sourceTree = "<group>"; };
		D398CF5B1DFBE70C00C059F1 /* TableViewController.h */ = {isa = PBXFileReference; fileEncoding = 4; lastKnownFileType = sourcecode.c.h; path = TableViewController.h; sourceTree = "<group>"; };
		D398CF5C1DFBE70C00C059F1 /* TableViewController.m */ = {isa = PBXFileReference; fileEncoding = 4; lastKnownFileType = sourcecode.c.objc; path = TableViewController.m; sourceTree = "<group>"; };
		D398CF5E1DFBE72A00C059F1 /* MyTableViewController.h */ = {isa = PBXFileReference; fileEncoding = 4; lastKnownFileType = sourcecode.c.h; path = MyTableViewController.h; sourceTree = "<group>"; };
		D398CF5F1DFBE72A00C059F1 /* MyTableViewController.m */ = {isa = PBXFileReference; fileEncoding = 4; lastKnownFileType = sourcecode.c.objc; path = MyTableViewController.m; sourceTree = "<group>"; };
		D398CF611DFC1B7100C059F1 /* background.jpeg */ = {isa = PBXFileReference; lastKnownFileType = image.jpeg; path = background.jpeg; sourceTree = "<group>"; };
/* End PBXFileReference section */

/* Begin PBXFrameworksBuildPhase section */
		D398CF351DFBD5AE00C059F1 /* Frameworks */ = {
			isa = PBXFrameworksBuildPhase;
			buildActionMask = 2147483647;
			files = (
			);
			runOnlyForDeploymentPostprocessing = 0;
		};
/* End PBXFrameworksBuildPhase section */

/* Begin PBXGroup section */
		D398CF2F1DFBD5AE00C059F1 = {
			isa = PBXGroup;
			children = (
				D398CF3A1DFBD5AE00C059F1 /* SDUIDemo */,
				D398CF391DFBD5AE00C059F1 /* Products */,
			);
			sourceTree = "<group>";
		};
		D398CF391DFBD5AE00C059F1 /* Products */ = {
			isa = PBXGroup;
			children = (
				D398CF381DFBD5AE00C059F1 /* SDUIDemo.app */,
			);
			name = Products;
			sourceTree = "<group>";
		};
		D398CF3A1DFBD5AE00C059F1 /* SDUIDemo */ = {
			isa = PBXGroup;
			children = (
				D398CF611DFC1B7100C059F1 /* background.jpeg */,
				D398CF3E1DFBD5AE00C059F1 /* AppDelegate.h */,
				D398CF3F1DFBD5AE00C059F1 /* AppDelegate.m */,
				D398CF521DFBE2DA00C059F1 /* LoginViewController.h */,
				D398CF531DFBE2DA00C059F1 /* LoginViewController.m */,
				D398CF551DFBE3FD00C059F1 /* ColorViewController.h */,
				D398CF561DFBE3FD00C059F1 /* ColorViewController.m */,
				D398CF581DFBE62700C059F1 /* PickerViewController.h */,
				D398CF591DFBE62700C059F1 /* PickerViewController.m */,
				D398CF5B1DFBE70C00C059F1 /* TableViewController.h */,
				D398CF5C1DFBE70C00C059F1 /* TableViewController.m */,
				D398CF5E1DFBE72A00C059F1 /* MyTableViewController.h */,
				D398CF5F1DFBE72A00C059F1 /* MyTableViewController.m */,
				D398CF471DFBD5AE00C059F1 /* Assets.xcassets */,
				D398CF491DFBD5AE00C059F1 /* LaunchScreen.storyboard */,
				D398CF4C1DFBD5AE00C059F1 /* Info.plist */,
				D398CF3B1DFBD5AE00C059F1 /* Supporting Files */,
			);
			path = SDUIDemo;
			sourceTree = "<group>";
		};
		D398CF3B1DFBD5AE00C059F1 /* Supporting Files */ = {
			isa = PBXGroup;
			children = (
				D398CF3C1DFBD5AE00C059F1 /* main.m */,
			);
			name = "Supporting Files";
			sourceTree = "<group>";
		};
/* End PBXGroup section */

/* Begin PBXNativeTarget section */
		D398CF371DFBD5AE00C059F1 /* SDUIDemo */ = {
			isa = PBXNativeTarget;
			buildConfigurationList = D398CF4F1DFBD5AE00C059F1 /* Build configuration list for PBXNativeTarget "SDUIDemo" */;
			buildPhases = (
				D398CF341DFBD5AE00C059F1 /* Sources */,
				D398CF351DFBD5AE00C059F1 /* Frameworks */,
				D398CF361DFBD5AE00C059F1 /* Resources */,
			);
			buildRules = (
			);
			dependencies = (
			);
			name = SDUIDemo;
			productName = SDUIDemo;
			productReference = D398CF381DFBD5AE00C059F1 /* SDUIDemo.app */;
			productType = "com.apple.product-type.application";
		};
/* End PBXNativeTarget section */

/* Begin PBXProject section */
		D398CF301DFBD5AE00C059F1 /* Project object */ = {
			isa = PBXProject;
			attributes = {
				LastUpgradeCheck = 0730;
				ORGANIZATIONNAME = Sharmila.Deo;
				TargetAttributes = {
					D398CF371DFBD5AE00C059F1 = {
						CreatedOnToolsVersion = 7.3.1;
					};
				};
			};
			buildConfigurationList = D398CF331DFBD5AE00C059F1 /* Build configuration list for PBXProject "SDUIDemo" */;
			compatibilityVersion = "Xcode 3.2";
			developmentRegion = English;
			hasScannedForEncodings = 0;
			knownRegions = (
				en,
				Base,
			);
			mainGroup = D398CF2F1DFBD5AE00C059F1;
			productRefGroup = D398CF391DFBD5AE00C059F1 /* Products */;
			projectDirPath = "";
			projectRoot = "";
			targets = (
				D398CF371DFBD5AE00C059F1 /* SDUIDemo */,
			);
		};
/* End PBXProject section */

/* Begin PBXResourcesBuildPhase section */
		D398CF361DFBD5AE00C059F1 /* Resources */ = {
			isa = PBXResourcesBuildPhase;
			buildActionMask = 2147483647;
			files = (
				D398CF4B1DFBD5AE00C059F1 /* LaunchScreen.storyboard in Resources */,
				D398CF621DFC1B7100C059F1 /* background.jpeg in Resources */,
				D398CF481DFBD5AE00C059F1 /* Assets.xcassets in Resources */,
			);
			runOnlyForDeploymentPostprocessing = 0;
		};
/* End PBXResourcesBuildPhase section */

/* Begin PBXSourcesBuildPhase section */
		D398CF341DFBD5AE00C059F1 /* Sources */ = {
			isa = PBXSourcesBuildPhase;
			buildActionMask = 2147483647;
			files = (
				D398CF541DFBE2DA00C059F1 /* LoginViewController.m in Sources */,
				D398CF571DFBE3FD00C059F1 /* ColorViewController.m in Sources */,
				D398CF401DFBD5AE00C059F1 /* AppDelegate.m in Sources */,
				D398CF5A1DFBE62700C059F1 /* PickerViewController.m in Sources */,
				D398CF5D1DFBE70C00C059F1 /* TableViewController.m in Sources */,
				D398CF3D1DFBD5AE00C059F1 /* main.m in Sources */,
				D398CF601DFBE72A00C059F1 /* MyTableViewController.m in Sources */,
			);
			runOnlyForDeploymentPostprocessing = 0;
		};
/* End PBXSourcesBuildPhase section */

/* Begin PBXVariantGroup section */
		D398CF491DFBD5AE00C059F1 /* LaunchScreen.storyboard */ = {
			isa = PBXVariantGroup;
			children = (
				D398CF4A1DFBD5AE00C059F1 /* Base */,
			);
			name = LaunchScreen.storyboard;
			sourceTree = "<group>";
		};
/* End PBXVariantGroup section */

/* Begin XCBuildConfiguration section */
		D398CF4D1DFBD5AE00C059F1 /* Debug */ = {
			isa = XCBuildConfiguration;
			buildSettings = {
				ALWAYS_SEARCH_USER_PATHS = NO;
				CLANG_ANALYZER_NONNULL = YES;
				CLANG_CXX_LANGUAGE_STANDARD = "gnu++0x";
				CLANG_CXX_LIBRARY = "libc++";
				CLANG_ENABLE_MODULES = YES;
				CLANG_ENABLE_OBJC_ARC = YES;
				CLANG_WARN_BOOL_CONVERSION = YES;
				CLANG_WARN_CONSTANT_CONVERSION = YES;
				CLANG_WARN_DIRECT_OBJC_ISA_USAGE = YES_ERROR;
				CLANG_WARN_EMPTY_BODY = YES;
				CLANG_WARN_ENUM_CONVERSION = YES;
				CLANG_WARN_INT_CONVERSION = YES;
				CLANG_WARN_OBJC_ROOT_CLASS = YES_ERROR;
				CLANG_WARN_UNREACHABLE_CODE = YES;
				CLANG_WARN__DUPLICATE_METHOD_MATCH = YES;
				"CODE_SIGN_IDENTITY[sdk=iphoneos*]" = "iPhone Developer";
				COPY_PHASE_STRIP = NO;
				DEBUG_INFORMATION_FORMAT = dwarf;
				ENABLE_STRICT_OBJC_MSGSEND = YES;
				ENABLE_TESTABILITY = YES;
				GCC_C_LANGUAGE_STANDARD = gnu99;
				GCC_DYNAMIC_NO_PIC = NO;
				GCC_NO_COMMON_BLOCKS = YES;
				GCC_OPTIMIZATION_LEVEL = 0;
				GCC_PREPROCESSOR_DEFINITIONS = (
					"DEBUG=1",
					"$(inherited)",
				);
				GCC_WARN_64_TO_32_BIT_CONVERSION = YES;
				GCC_WARN_ABOUT_RETURN_TYPE = YES_ERROR;
				GCC_WARN_UNDECLARED_SELECTOR = YES;
				GCC_WARN_UNINITIALIZED_AUTOS = YES_AGGRESSIVE;
				GCC_WARN_UNUSED_FUNCTION = YES;
				GCC_WARN_UNUSED_VARIABLE = YES;
				IPHONEOS_DEPLOYMENT_TARGET = 9.3;
				MTL_ENABLE_DEBUG_INFO = YES;
				ONLY_ACTIVE_ARCH = YES;
				SDKROOT = iphoneos;
				TARGETED_DEVICE_FAMILY = "1,2";
			};
			name = Debug;
		};
		D398CF4E1DFBD5AE00C059F1 /* Release */ = {
			isa = XCBuildConfiguration;
			buildSettings = {
				ALWAYS_SEARCH_USER_PATHS = NO;
				CLANG_ANALYZER_NONNULL = YES;
				CLANG_CXX_LANGUAGE_STANDARD = "gnu++0x";
				CLANG_CXX_LIBRARY = "libc++";
				CLANG_ENABLE_MODULES = YES;
				CLANG_ENABLE_OBJC_ARC = YES;
				CLANG_WARN_BOOL_CONVERSION = YES;
				CLANG_WARN_CONSTANT_CONVERSION = YES;
				CLANG_WARN_DIRECT_OBJC_ISA_USAGE = YES_ERROR;
				CLANG_WARN_EMPTY_BODY = YES;
				CLANG_WARN_ENUM_CONVERSION = YES;
				CLANG_WARN_INT_CONVERSION = YES;
				CLANG_WARN_OBJC_ROOT_CLASS = YES_ERROR;
				CLANG_WARN_UNREACHABLE_CODE = YES;
				CLANG_WARN__DUPLICATE_METHOD_MATCH = YES;
				"CODE_SIGN_IDENTITY[sdk=iphoneos*]" = "iPhone Developer";
				COPY_PHASE_STRIP = NO;
				DEBUG_INFORMATION_FORMAT = "dwarf-with-dsym";
				ENABLE_NS_ASSERTIONS = NO;
				ENABLE_STRICT_OBJC_MSGSEND = YES;
				GCC_C_LANGUAGE_STANDARD = gnu99;
				GCC_NO_COMMON_BLOCKS = YES;
				GCC_WARN_64_TO_32_BIT_CONVERSION = YES;
				GCC_WARN_ABOUT_RETURN_TYPE = YES_ERROR;
				GCC_WARN_UNDECLARED_SELECTOR = YES;
				GCC_WARN_UNINITIALIZED_AUTOS = YES_AGGRESSIVE;
				GCC_WARN_UNUSED_FUNCTION = YES;
				GCC_WARN_UNUSED_VARIABLE = YES;
				IPHONEOS_DEPLOYMENT_TARGET = 9.3;
				MTL_ENABLE_DEBUG_INFO = NO;
				SDKROOT = iphoneos;
				TARGETED_DEVICE_FAMILY = "1,2";
				VALIDATE_PRODUCT = YES;
			};
			name = Release;
		};
		D398CF501DFBD5AE00C059F1 /* Debug */ = {
			isa = XCBuildConfiguration;
			buildSettings = {
				ASSETCATALOG_COMPILER_APPICON_NAME = AppIcon;
				INFOPLIST_FILE = SDUIDemo/Info.plist;
				LD_RUNPATH_SEARCH_PATHS = "$(inherited) @executable_path/Frameworks";
				PRODUCT_BUNDLE_IDENTIFIER = com.SharmilaDeo.SDUIDemo;
				PRODUCT_NAME = "$(TARGET_NAME)";
			};
			name = Debug;
		};
		D398CF511DFBD5AE00C059F1 /* Release */ = {
			isa = XCBuildConfiguration;
			buildSettings = {
				ASSETCATALOG_COMPILER_APPICON_NAME = AppIcon;
				INFOPLIST_FILE = SDUIDemo/Info.plist;
				LD_RUNPATH_SEARCH_PATHS = "$(inherited) @executable_path/Frameworks";
				PRODUCT_BUNDLE_IDENTIFIER = com.SharmilaDeo.SDUIDemo;
				PRODUCT_NAME = "$(TARGET_NAME)";
			};
			name = Release;
		};
/* End XCBuildConfiguration section */

/* Begin XCConfigurationList section */
		D398CF331DFBD5AE00C059F1 /* Build configuration list for PBXProject "SDUIDemo" */ = {
			isa = XCConfigurationList;
			buildConfigurations = (
				D398CF4D1DFBD5AE00C059F1 /* Debug */,
				D398CF4E1DFBD5AE00C059F1 /* Release */,
			);
			defaultConfigurationIsVisible = 0;
			defaultConfigurationName = Release;
		};
		D398CF4F1DFBD5AE00C059F1 /* Build configuration list for PBXNativeTarget "SDUIDemo" */ = {
			isa = XCConfigurationList;
			buildConfigurations = (
				D398CF501DFBD5AE00C059F1 /* Debug */,
				D398CF511DFBD5AE00C059F1 /* Release */,
			);
			defaultConfigurationIsVisible = 0;
		};
/* End XCConfigurationList section */
	};
	rootObject = D398CF301DFBD5AE00C059F1 /* Project object */;
}
